
Microsoft Visual Studio Solution File, Format Version 12.00
# Visual Studio 15
VisualStudioVersion = 15.0.26430.16
MinimumVisualStudioVersion = 10.0.40219.1
Project("{FAE04EC0-301F-11D3-BF4B-00C04F79EFBC}") = "EmpTrack.Android", "EmpTrack\EmpTrack.Android\EmpTrack.Android.csproj", "{14A6BE2B-0E9A-497F-B773-6CC0D5944BA7}"
EndProject
Project("{FAE04EC0-301F-11D3-BF4B-00C04F79EFBC}") = "EmpTrack", "EmpTrack\EmpTrack\EmpTrack.csproj", "{02C47BBE-008A-4B91-972E-6D158DF1E8C6}"
EndProject
Project("{FAE04EC0-301F-11D3-BF4B-00C04F79EFBC}") = "EmpTrack.iOS", "EmpTrack\EmpTrack.iOS\EmpTrack.iOS.csproj", "{3AE29E81-8EE3-44A7-988A-469D25964162}"
EndProject
Global
	GlobalSection(SolutionConfigurationPlatforms) = preSolution
		Ad-Hoc|Any CPU = Ad-Hoc|Any CPU
		Ad-Hoc|iPhone = Ad-Hoc|iPhone
		Ad-Hoc|iPhoneSimulator = Ad-Hoc|iPhoneSimulator
		AppStore|Any CPU = AppStore|Any CPU
		AppStore|iPhone = AppStore|iPhone
		AppStore|iPhoneSimulator = AppStore|iPhoneSimulator
		Debug|Any CPU = Debug|Any CPU
		Debug|iPhone = Debug|iPhone
		Debug|iPhoneSimulator = Debug|iPhoneSimulator
		Release|Any CPU = Release|Any CPU
		Release|iPhone = Release|iPhone
		Release|iPhoneSimulator = Release|iPhoneSimulator
	EndGlobalSection
	GlobalSection(ProjectConfigurationPlatforms) = postSolution
		{14A6BE2B-0E9A-497F-B773-6CC0D5944BA7}.Ad-Hoc|Any CPU.ActiveCfg = Release|Any CPU
		{14A6BE2B-0E9A-497F-B773-6CC0D5944BA7}.Ad-Hoc|Any CPU.Build.0 = Release|Any CPU
		{14A6BE2B-0E9A-497F-B773-6CC0D5944BA7}.Ad-Hoc|Any CPU.Deploy.0 = Release|Any CPU
		{14A6BE2B-0E9A-497F-B773-6CC0D5944BA7}.Ad-Hoc|iPhone.ActiveCfg = Release|Any CPU
		{14A6BE2B-0E9A-497F-B773-6CC0D5944BA7}.Ad-Hoc|iPhone.Build.0 = Release|Any CPU
		{14A6BE2B-0E9A-497F-B773-6CC0D5944BA7}.Ad-Hoc|iPhone.Deploy.0 = Release|Any CPU
		{14A6BE2B-0E9A-497F-B773-6CC0D5944BA7}.Ad-Hoc|iPhoneSimulator.ActiveCfg = Release|Any CPU
		{14A6BE2B-0E9A-497F-B773-6CC0D5944BA7}.Ad-Hoc|iPhoneSimulator.Build.0 = Release|Any CPU
		{14A6BE2B-0E9A-497F-B773-6CC0D5944BA7}.Ad-Hoc|iPhoneSimulator.Deploy.0 = Release|Any CPU
		{14A6BE2B-0E9A-497F-B773-6CC0D5944BA7}.AppStore|Any CPU.ActiveCfg = Release|Any CPU
		{14A6BE2B-0E9A-497F-B773-6CC0D5944BA7}.AppStore|Any CPU.Build.0 = Release|Any CPU
		{14A6BE2B-0E9A-497F-B773-6CC0D5944BA7}.AppStore|Any CPU.Deploy.0 = Release|Any CPU
		{14A6BE2B-0E9A-497F-B773-6CC0D5944BA7}.AppStore|iPhone.ActiveCfg = Release|Any CPU
		{14A6BE2B-0E9A-497F-B773-6CC0D5944BA7}.AppStore|iPhone.Build.0 = Release|Any CPU
		{14A6BE2B-0E9A-497F-B773-6CC0D5944BA7}.AppStore|iPhone.Deploy.0 = Release|Any CPU
		{14A6BE2B-0E9A-497F-B773-6CC0D5944BA7}.AppStore|iPhoneSimulator.ActiveCfg = Release|Any CPU
		{14A6BE2B-0E9A-497F-B773-6CC0D5944BA7}.AppStore|iPhoneSimulator.Build.0 = Release|Any CPU
		{14A6BE2B-0E9A-497F-B773-6CC0D5944BA7}.AppStore|iPhoneSimulator.Deploy.0 = Release|Any CPU
		{14A6BE2B-0E9A-497F-B773-6CC0D5944BA7}.Debug|Any CPU.ActiveCfg = Debug|Any CPU
		{14A6BE2B-0E9A-497F-B773-6CC0D5944BA7}.Debug|Any CPU.Build.0 = Debug|Any CPU
		{14A6BE2B-0E9A-497F-B773-6CC0D5944BA7}.Debug|Any CPU.Deploy.0 = Debug|Any CPU
		{14A6BE2B-0E9A-497F-B773-6CC0D5944BA7}.Debug|iPhone.ActiveCfg = Debug|Any CPU
		{14A6BE2B-0E9A-497F-B773-6CC0D5944BA7}.Debug|iPhone.Build.0 = Debug|Any CPU
		{14A6BE2B-0E9A-497F-B773-6CC0D5944BA7}.Debug|iPhone.Deploy.0 = Debug|Any CPU
		{14A6BE2B-0E9A-497F-B773-6CC0D5944BA7}.Debug|iPhoneSimulator.ActiveCfg = Debug|Any CPU
		{14A6BE2B-0E9A-497F-B773-6CC0D5944BA7}.Debug|iPhoneSimulator.Build.0 = Debug|Any CPU
		{14A6BE2B-0E9A-497F-B773-6CC0D5944BA7}.Debug|iPhoneSimulator.Deploy.0 = Debug|Any CPU
		{14A6BE2B-0E9A-497F-B773-6CC0D5944BA7}.Release|Any CPU.ActiveCfg = Release|Any CPU
		{14A6BE2B-0E9A-497F-B773-6CC0D5944BA7}.Release|Any CPU.Build.0 = Release|Any CPU
		{14A6BE2B-0E9A-497F-B773-6CC0D5944BA7}.Release|Any CPU.Deploy.0 = Release|Any CPU
		{14A6BE2B-0E9A-497F-B773-6CC0D5944BA7}.Release|iPhone.ActiveCfg = Release|Any CPU
		{14A6BE2B-0E9A-497F-B773-6CC0D5944BA7}.Release|iPhone.Build.0 = Release|Any CPU
		{14A6BE2B-0E9A-497F-B773-6CC0D5944BA7}.Release|iPhone.Deploy.0 = Release|Any CPU
		{14A6BE2B-0E9A-497F-B773-6CC0D5944BA7}.Release|iPhoneSimulator.ActiveCfg = Release|Any CPU
		{14A6BE2B-0E9A-497F-B773-6CC0D5944BA7}.Release|iPhoneSimulator.Build.0 = Release|Any CPU
		{14A6BE2B-0E9A-497F-B773-6CC0D5944BA7}.Release|iPhoneSimulator.Deploy.0 = Release|Any CPU
		{02C47BBE-008A-4B91-972E-6D158DF1E8C6}.Ad-Hoc|Any CPU.ActiveCfg = Release|Any CPU
		{02C47BBE-008A-4B91-972E-6D158DF1E8C6}.Ad-Hoc|Any CPU.Build.0 = Release|Any CPU
		{02C47BBE-008A-4B91-972E-6D158DF1E8C6}.Ad-Hoc|iPhone.ActiveCfg = Release|Any CPU
		{02C47BBE-008A-4B91-972E-6D158DF1E8C6}.Ad-Hoc|iPhone.Build.0 = Release|Any CPU
		{02C47BBE-008A-4B91-972E-6D158DF1E8C6}.Ad-Hoc|iPhoneSimulator.ActiveCfg = Release|Any CPU
		{02C47BBE-008A-4B91-972E-6D158DF1E8C6}.Ad-Hoc|iPhoneSimulator.Build.0 = Release|Any CPU
		{02C47BBE-008A-4B91-972E-6D158DF1E8C6}.AppStore|Any CPU.ActiveCfg = Release|Any CPU
		{02C47BBE-008A-4B91-972E-6D158DF1E8C6}.AppStore|Any CPU.Build.0 = Release|Any CPU
		{02C47BBE-008A-4B91-972E-6D158DF1E8C6}.AppStore|iPhone.ActiveCfg = Release|Any CPU
		{02C47BBE-008A-4B91-972E-6D158DF1E8C6}.AppStore|iPhone.Build.0 = Release|Any CPU
		{02C47BBE-008A-4B91-972E-6D158DF1E8C6}.AppStore|iPhoneSimulator.ActiveCfg = Release|Any CPU
		{02C47BBE-008A-4B91-972E-6D158DF1E8C6}.AppStore|iPhoneSimulator.Build.0 = Release|Any CPU
		{02C47BBE-008A-4B91-972E-6D158DF1E8C6}.Debug|Any CPU.ActiveCfg = Debug|Any CPU
		{02C47BBE-008A-4B91-972E-6D158DF1E8C6}.Debug|Any CPU.Build.0 = Debug|Any CPU
		{02C47BBE-008A-4B91-972E-6D158DF1E8C6}.Debug|iPhone.ActiveCfg = Debug|Any CPU
		{02C47BBE-008A-4B91-972E-6D158DF1E8C6}.Debug|iPhone.Build.0 = Debug|Any CPU
		{02C47BBE-008A-4B91-972E-6D158DF1E8C6}.Debug|iPhoneSimulator.ActiveCfg = Debug|Any CPU
		{02C47BBE-008A-4B91-972E-6D158DF1E8C6}.Debug|iPhoneSimulator.Build.0 = Debug|Any CPU
		{02C47BBE-008A-4B91-972E-6D158DF1E8C6}.Release|Any CPU.ActiveCfg = Release|Any CPU
		{02C47BBE-008A-4B91-972E-6D158DF1E8C6}.Release|Any CPU.Build.0 = Release|Any CPU
		{02C47BBE-008A-4B91-972E-6D158DF1E8C6}.Release|iPhone.ActiveCfg = Release|Any CPU
		{02C47BBE-008A-4B91-972E-6D158DF1E8C6}.Release|iPhone.Build.0 = Release|Any CPU
		{02C47BBE-008A-4B91-972E-6D158DF1E8C6}.Release|iPhoneSimulator.ActiveCfg = Release|Any CPU
		{02C47BBE-008A-4B91-972E-6D158DF1E8C6}.Release|iPhoneSimulator.Build.0 = Release|Any CPU
		{3AE29E81-8EE3-44A7-988A-469D25964162}.Ad-Hoc|Any CPU.ActiveCfg = Ad-Hoc|iPhone
		{3AE29E81-8EE3-44A7-988A-469D25964162}.Ad-Hoc|iPhone.ActiveCfg = Ad-Hoc|iPhone
		{3AE29E81-8EE3-44A7-988A-469D25964162}.Ad-Hoc|iPhone.Build.0 = Ad-Hoc|iPhone
		{3AE29E81-8EE3-44A7-988A-469D25964162}.Ad-Hoc|iPhoneSimulator.ActiveCfg = Ad-Hoc|iPhoneSimulator
		{3AE29E81-8EE3-44A7-988A-469D25964162}.Ad-Hoc|iPhoneSimulator.Build.0 = Ad-Hoc|iPhoneSimulator
		{3AE29E81-8EE3-44A7-988A-469D25964162}.AppStore|Any CPU.ActiveCfg = AppStore|iPhone
		{3AE29E81-8EE3-44A7-988A-469D25964162}.AppStore|iPhone.ActiveCfg = AppStore|iPhone
		{3AE29E81-8EE3-44A7-988A-469D25964162}.AppStore|iPhone.Build.0 = AppStore|iPhone
		{3AE29E81-8EE3-44A7-988A-469D25964162}.AppStore|iPhoneSimulator.ActiveCfg = AppStore|iPhoneSimulator
		{3AE29E81-8EE3-44A7-988A-469D25964162}.AppStore|iPhoneSimulator.Build.0 = AppStore|iPhoneSimulator
		{3AE29E81-8EE3-44A7-988A-469D25964162}.Debug|Any CPU.ActiveCfg = Debug|iPhone
		{3AE29E81-8EE3-44A7-988A-469D25964162}.Debug|iPhone.ActiveCfg = Debug|iPhone
		{3AE29E81-8EE3-44A7-988A-469D25964162}.Debug|iPhone.Build.0 = Debug|iPhone
		{3AE29E81-8EE3-44A7-988A-469D25964162}.Debug|iPhoneSimulator.ActiveCfg = Debug|iPhoneSimulator
		{3AE29E81-8EE3-44A7-988A-469D25964162}.Debug|iPhoneSimulator.Build.0 = Debug|iPhoneSimulator
		{3AE29E81-8EE3-44A7-988A-469D25964162}.Release|Any CPU.ActiveCfg = Release|iPhone
		{3AE29E81-8EE3-44A7-988A-469D25964162}.Release|iPhone.ActiveCfg = Release|iPhone
		{3AE29E81-8EE3-44A7-988A-469D25964162}.Release|iPhone.Build.0 = Release|iPhone
		{3AE29E81-8EE3-44A7-988A-469D25964162}.Release|iPhoneSimulator.ActiveCfg = Release|iPhoneSimulator
		{3AE29E81-8EE3-44A7-988A-469D25964162}.Release|iPhoneSimulator.Build.0 = Release|iPhoneSimulator
	EndGlobalSection
	GlobalSection(SolutionProperties) = preSolution
		HideSolutionNode = FALSE
	EndGlobalSection
EndGlobal
